
Microsoft Visual Studio Solution File, Format Version 12.00
# Visual Studio Version 16
VisualStudioVersion = 16.0.31424.327
MinimumVisualStudioVersion = 10.0.40219.1
Project("{FAE04EC0-301F-11D3-BF4B-00C04F79EFBC}") = "WCF_Examen", "WCF_Examen\WCF_Examen.csproj", "{64C74E80-10A1-4D7C-AE6D-F4FA1226C919}"
EndProject
Project("{FAE04EC0-301F-11D3-BF4B-00C04F79EFBC}") = "Datos", "Datos\Datos.csproj", "{2C2A48E6-1D17-472A-B895-907539E7EF47}"
EndProject
Global
	GlobalSection(SolutionConfigurationPlatforms) = preSolution
		Debug|Any CPU = Debug|Any CPU
		Release|Any CPU = Release|Any CPU
	EndGlobalSection
	GlobalSection(ProjectConfigurationPlatforms) = postSolution
		{64C74E80-10A1-4D7C-AE6D-F4FA1226C919}.Debug|Any CPU.ActiveCfg = Debug|Any CPU
		{64C74E80-10A1-4D7C-AE6D-F4FA1226C919}.Debug|Any CPU.Build.0 = Debug|Any CPU
		{64C74E80-10A1-4D7C-AE6D-F4FA1226C919}.Release|Any CPU.ActiveCfg = Release|Any CPU
		{64C74E80-10A1-4D7C-AE6D-F4FA1226C919}.Release|Any CPU.Build.0 = Release|Any CPU
		{2C2A48E6-1D17-472A-B895-907539E7EF47}.Debug|Any CPU.ActiveCfg = Debug|Any CPU
		{2C2A48E6-1D17-472A-B895-907539E7EF47}.Debug|Any CPU.Build.0 = Debug|Any CPU
		{2C2A48E6-1D17-472A-B895-907539E7EF47}.Release|Any CPU.ActiveCfg = Release|Any CPU
		{2C2A48E6-1D17-472A-B895-907539E7EF47}.Release|Any CPU.Build.0 = Release|Any CPU
	EndGlobalSection
	GlobalSection(SolutionProperties) = preSolution
		HideSolutionNode = FALSE
	EndGlobalSection
	GlobalSection(ExtensibilityGlobals) = postSolution
		SolutionGuid = {F51A6B55-EFC6-467B-A478-6B25FFC7FB0A}
	EndGlobalSection
EndGlobal
